
Microsoft Visual Studio Solution File, Format Version 12.00
# Visual Studio 15
VisualStudioVersion = 15.0.27703.2026
MinimumVisualStudioVersion = 10.0.40219.1
Project("{FAE04EC0-301F-11D3-BF4B-00C04F79EFBC}") = "cs_mac ip cpu_20190522", "cs_mac ip cpu_20190522\cs_mac ip cpu_20190522.csproj", "{72FDE07F-3709-4DDD-B62A-F2EBEB165CBF}"
EndProject
Global
	GlobalSection(SolutionConfigurationPlatforms) = preSolution
		Debug|Any CPU = Debug|Any CPU
		Release|Any CPU = Release|Any CPU
	EndGlobalSection
	GlobalSection(ProjectConfigurationPlatforms) = postSolution
		{72FDE07F-3709-4DDD-B62A-F2EBEB165CBF}.Debug|Any CPU.ActiveCfg = Debug|Any CPU
		{72FDE07F-3709-4DDD-B62A-F2EBEB165CBF}.Debug|Any CPU.Build.0 = Debug|Any CPU
		{72FDE07F-3709-4DDD-B62A-F2EBEB165CBF}.Release|Any CPU.ActiveCfg = Release|Any CPU
		{72FDE07F-3709-4DDD-B62A-F2EBEB165CBF}.Release|Any CPU.Build.0 = Release|Any CPU
	EndGlobalSection
	GlobalSection(SolutionProperties) = preSolution
		HideSolutionNode = FALSE
	EndGlobalSection
	GlobalSection(ExtensibilityGlobals) = postSolution
		SolutionGuid = {98A494C3-C58F-49D9-BF2A-16FDF7E489EE}
	EndGlobalSection
EndGlobal
